
Microsoft Visual Studio Solution File, Format Version 12.00
# Visual Studio Version 16
VisualStudioVersion = 16.0.29411.108
MinimumVisualStudioVersion = 10.0.40219.1
Project("{FAE04EC0-301F-11D3-BF4B-00C04F79EFBC}") = "BlazorCRUD", "BlazorCRUD\BlazorCRUD.csproj", "{FCC0DB13-C4CB-47EA-8E85-503084F4FBE2}"
EndProject
Global
	GlobalSection(SolutionConfigurationPlatforms) = preSolution
		Debug|Any CPU = Debug|Any CPU
		Release|Any CPU = Release|Any CPU
	EndGlobalSection
	GlobalSection(ProjectConfigurationPlatforms) = postSolution
		{FCC0DB13-C4CB-47EA-8E85-503084F4FBE2}.Debug|Any CPU.ActiveCfg = Debug|Any CPU
		{FCC0DB13-C4CB-47EA-8E85-503084F4FBE2}.Debug|Any CPU.Build.0 = Debug|Any CPU
		{FCC0DB13-C4CB-47EA-8E85-503084F4FBE2}.Release|Any CPU.ActiveCfg = Release|Any CPU
		{FCC0DB13-C4CB-47EA-8E85-503084F4FBE2}.Release|Any CPU.Build.0 = Release|Any CPU
	EndGlobalSection
	GlobalSection(SolutionProperties) = preSolution
		HideSolutionNode = FALSE
	EndGlobalSection
	GlobalSection(ExtensibilityGlobals) = postSolution
		SolutionGuid = {FC92E5D7-6E19-4436-929D-D42D84124D8C}
	EndGlobalSection
EndGlobal
